{
  "version": 4,
  "terraform_version": "1.14.0",
  "serial": 57,
  "lineage": "28c24328-538c-8348-856a-6c9e25a7ae81",
  "outputs": {},
  "resources": [
    {
      "mode": "managed",
      "type": "aws_autoscaling_group",
      "name": "app",
      "provider": "provider[\"registry.terraform.io/hashicorp/aws\"]",
      "instances": [
        {
          "schema_version": 1,
          "attributes": {
            "arn": "arn:aws:autoscaling:ap-northeast-2:626614672806:autoScalingGroup:c528bb3b-06a8-4b98-8458-7edd06aadf84:autoScalingGroupName/MegaTicket-App-ASG",
            "availability_zone_distribution": [
              {
                "capacity_distribution_strategy": "balanced-best-effort"
              }
            ],
            "availability_zones": [
              "ap-northeast-2a",
              "ap-northeast-2c"
            ],
            "capacity_rebalance": false,
            "capacity_reservation_specification": [
              {
                "capacity_reservation_preference": "default",
                "capacity_reservation_target": []
              }
            ],
            "context": "",
            "default_cooldown": 300,
            "default_instance_warmup": 0,
            "desired_capacity": 1,
            "desired_capacity_type": "",
            "enabled_metrics": [],
            "force_delete": false,
            "force_delete_warm_pool": false,
            "health_check_grace_period": 600,
            "health_check_type": "ELB",
            "id": "MegaTicket-App-ASG",
            "ignore_failed_scaling_activities": false,
            "initial_lifecycle_hook": [],
            "instance_maintenance_policy": [],
            "instance_refresh": [],
            "launch_configuration": "",
            "launch_template": [
              {
                "id": "lt-0cf6f52f16daf07c0",
                "name": "MegaTicket-App-LT-20260102081931469200000005",
                "version": "$Latest"
              }
            ],
            "load_balancers": [],
            "max_instance_lifetime": 0,
            "max_size": 1,
            "metrics_granularity": "1Minute",
            "min_elb_capacity": null,
            "min_size": 1,
            "mixed_instances_policy": [],
            "name": "MegaTicket-App-ASG",
            "name_prefix": "",
            "placement_group": "",
            "predicted_capacity": 0,
            "protect_from_scale_in": false,
            "service_linked_role_arn": "arn:aws:iam::626614672806:role/aws-service-role/autoscaling.amazonaws.com/AWSServiceRoleForAutoScaling",
            "suspended_processes": [],
            "tag": [
              {
                "key": "Name",
                "propagate_at_launch": true,
                "value": "MegaTicket-App"
              }
            ],
            "target_group_arns": [
              "arn:aws:elasticloadbalancing:ap-northeast-2:626614672806:targetgroup/MegaTicket-App-NLB-TG/adae29460af1ea27",
              "arn:aws:elasticloadbalancing:ap-northeast-2:626614672806:targetgroup/MegaTicket-App-TG/01777d89059c8624"
            ],
            "termination_policies": [],
            "timeouts": null,
            "traffic_source": [
              {
                "identifier": "arn:aws:elasticloadbalancing:ap-northeast-2:626614672806:targetgroup/MegaTicket-App-NLB-TG/adae29460af1ea27",
                "type": "elbv2"
              },
              {
                "identifier": "arn:aws:elasticloadbalancing:ap-northeast-2:626614672806:targetgroup/MegaTicket-App-TG/01777d89059c8624",
                "type": "elbv2"
              }
            ],
            "vpc_zone_identifier": [
              "subnet-08dd158686d6ce2fb",
              "subnet-0bf96784447d3cc1d"
            ],
            "wait_for_capacity_timeout": "10m",
            "wait_for_elb_capacity": null,
            "warm_pool": [],
            "warm_pool_size": 0
          },
          "sensitive_attributes": [],
          "identity_schema_version": 0,
          "private": "eyJlMmJmYjczMC1lY2FhLTExZTYtOGY4OC0zNDM2M2JjN2M0YzAiOnsiZGVsZXRlIjo2MDAwMDAwMDAwMDAsInVwZGF0ZSI6NjAwMDAwMDAwMDAwfSwic2NoZW1hX3ZlcnNpb24iOiIxIn0=",
          "dependencies": [
            "aws_iam_instance_profile.ec2_profile",
            "aws_iam_role.ec2_role",
            "aws_launch_template.app",
            "aws_lb_target_group.app",
            "aws_lb_target_group.app_nlb",
            "aws_security_group.alb",
            "aws_security_group.app",
            "aws_security_group.web",
            "aws_subnet.private_a",
            "aws_subnet.private_c",
            "aws_vpc.main"
          ],
          "create_before_destroy": true
        }
      ]
    },
    {
      "mode": "managed",
      "type": "aws_iam_instance_profile",
      "name": "ec2_profile",
      "provider": "provider[\"registry.terraform.io/hashicorp/aws\"]",
      "instances": [
        {
          "schema_version": 0,
          "attributes": {
            "arn": "arn:aws:iam::626614672806:instance-profile/MegaTicket-EC2-Profile",
            "create_date": "2026-01-02T08:19:18Z",
            "id": "MegaTicket-EC2-Profile",
            "name": "MegaTicket-EC2-Profile",
            "name_prefix": "",
            "path": "/",
            "role": "MegaTicket-EC2-Role",
            "tags": {},
            "tags_all": {
              "Environment": "test",
              "ManagedBy": "Terraform",
              "Project": "MegaTicket"
            },
            "unique_id": "AIPAZDZJFDWTEUGCV3WO2"
          },
          "sensitive_attributes": [],
          "identity_schema_version": 0,
          "private": "bnVsbA==",
          "dependencies": [
            "aws_iam_role.ec2_role"
          ],
          "create_before_destroy": true
        }
      ]
    },
    {
      "mode": "managed",
      "type": "aws_iam_role",
      "name": "ec2_role",
      "provider": "provider[\"registry.terraform.io/hashicorp/aws\"]",
      "instances": [
        {
          "schema_version": 0,
          "attributes": {
            "arn": "arn:aws:iam::626614672806:role/MegaTicket-EC2-Role",
            "assume_role_policy": "{\"Statement\":[{\"Action\":\"sts:AssumeRole\",\"Effect\":\"Allow\",\"Principal\":{\"Service\":\"ec2.amazonaws.com\"}}],\"Version\":\"2012-10-17\"}",
            "create_date": "2026-01-02T08:19:16Z",
            "description": "",
            "force_detach_policies": false,
            "id": "MegaTicket-EC2-Role",
            "inline_policy": [
              {
                "name": "MegaTicket-Bedrock-Policy",
                "policy": "{\"Version\":\"2012-10-17\",\"Statement\":[{\"Action\":[\"bedrock:InvokeModel\",\"bedrock:InvokeModelWithResponseStream\"],\"Effect\":\"Allow\",\"Resource\":[\"arn:aws:bedrock:*::foundation-model/anthropic.*\",\"arn:aws:bedrock:*::foundation-model/amazon.*\"],\"Sid\":\"BedrockInvoke\"}]}"
              },
              {
                "name": "MegaTicket-CloudWatch-Policy",
                "policy": "{\"Version\":\"2012-10-17\",\"Statement\":[{\"Action\":[\"logs:CreateLogGroup\",\"logs:CreateLogStream\",\"logs:PutLogEvents\"],\"Effect\":\"Allow\",\"Resource\":\"arn:aws:logs:*:*:*\",\"Sid\":\"CloudWatchLogs\"}]}"
              },
              {
                "name": "MegaTicket-DynamoDB-MinimalAccess",
                "policy": "{\"Version\":\"2012-10-17\",\"Statement\":[{\"Action\":[\"dynamodb:GetItem\",\"dynamodb:PutItem\",\"dynamodb:UpdateItem\",\"dynamodb:DeleteItem\",\"dynamodb:Query\",\"dynamodb:Scan\",\"dynamodb:TransactWriteItems\",\"dynamodb:BatchWriteItem\",\"dynamodb:BatchGetItem\"],\"Effect\":\"Allow\",\"Resource\":[\"arn:aws:dynamodb:ap-northeast-2:626614672806:table/KDT-Msp4-PLDR-*\",\"arn:aws:dynamodb:ap-northeast-2:626614672806:table/KDT-Msp4-PLDR-*/index/*\"],\"Sid\":\"DynamoDBMinimalAccess\"}]}"
              }
            ],
            "managed_policy_arns": [
              "arn:aws:iam::aws:policy/AmazonSSMManagedInstanceCore"
            ],
            "max_session_duration": 3600,
            "name": "MegaTicket-EC2-Role",
            "name_prefix": "",
            "path": "/",
            "permissions_boundary": "",
            "tags": {
              "Name": "MegaTicket-EC2-Role"
            },
            "tags_all": {
              "Environment": "test",
              "ManagedBy": "Terraform",
              "Name": "MegaTicket-EC2-Role",
              "Project": "MegaTicket"
            },
            "unique_id": "AROAZDZJFDWTBZO52PRFS"
          },
          "sensitive_attributes": [],
          "identity_schema_version": 0,
          "private": "bnVsbA==",
          "create_before_destroy": true
        }
      ]
    },
    {
      "mode": "managed",
      "type": "aws_launch_template",
      "name": "app",
      "provider": "provider[\"registry.terraform.io/hashicorp/aws\"]",
      "instances": [
        {
          "schema_version": 0,
          "attributes": {
            "arn": "arn:aws:ec2:ap-northeast-2:626614672806:launch-template/lt-0cf6f52f16daf07c0",
            "block_device_mappings": [],
            "capacity_reservation_specification": [],
            "cpu_options": [],
            "credit_specification": [],
            "default_version": 1,
            "description": "",
            "disable_api_stop": false,
            "disable_api_termination": false,
            "ebs_optimized": "",
            "elastic_gpu_specifications": [],
            "elastic_inference_accelerator": [],
            "enclave_options": [],
            "hibernation_options": [],
            "iam_instance_profile": [
              {
                "arn": "",
                "name": "MegaTicket-EC2-Profile"
              }
            ],
            "id": "lt-0cf6f52f16daf07c0",
            "image_id": "ami-0b818a04bc9c2133c",
            "instance_initiated_shutdown_behavior": "",
            "instance_market_options": [],
            "instance_requirements": [],
            "instance_type": "t2.medium",
            "kernel_id": "",
            "key_name": "seungwan_seoul",
            "latest_version": 1,
            "license_specification": [],
            "maintenance_options": [],
            "metadata_options": [],
            "monitoring": [],
            "name": "MegaTicket-App-LT-20260102081931469200000005",
            "name_prefix": "MegaTicket-App-LT-",
            "network_interfaces": [],
            "placement": [],
            "private_dns_name_options": [],
            "ram_disk_id": "",
            "security_group_names": [],
            "tag_specifications": [
              {
                "resource_type": "instance",
                "tags": {
                  "Name": "MegaTicket-App"
                }
              }
            ],
            "tags": {},
            "tags_all": {
              "Environment": "test",
              "ManagedBy": "Terraform",
              "Project": "MegaTicket"
            },
            "update_default_version": null,
            "user_data": "IyEvYmluL2Jhc2gNCnNldCAtZQ0KICAgIA0KIyDroZzqt7gg7YyM7J28IOyEpOyglQ0KZXhlYyA+ID4odGVlIC92YXIvbG9nL3VzZXItZGF0YS5sb2d8bG9nZ2VyIC10IHVzZXItZGF0YSAtcyAyPi9kZXYvY29uc29sZSkgMj4mMQ0KZWNobyAiPT09IFVzZXIgRGF0YSBTY3JpcHQgU3RhcnRlZDogJChkYXRlKSA9PT0iDQogICAgDQojIOyCrOyaqeyekCDshKTsoJUgKGVjMi11c2Vy66GcIOyLpO2WiSkNClVTRVJfSE9NRT0vaG9tZS9lYzItdXNlcg0KICAgIA0KIyAxLiBHaXQg7ISk7LmYIChBbWF6b24gTGludXggMjAyMykNCmVjaG8gIj09PSBJbnN0YWxsaW5nIEdpdCA9PT0iDQpkbmYgaW5zdGFsbCBnaXQgLXkNCiAgICANCiMgMi4gZWMyLXVzZXIg7ZmIIOuUlOugie2GoOumrCDqtoztlZwg7ZmV7J24DQpjaG93biBlYzItdXNlcjplYzItdXNlciAkVVNFUl9IT01FDQogICAgDQojIDMuIE5WTSDshKTsuZggKGVjMi11c2VyIOq2jO2VnOycvOuhnCkNCmVjaG8gIj09PSBJbnN0YWxsaW5nIE5WTSA9PT0iDQpzdWRvIC11IGVjMi11c2VyIGJhc2ggLWMgJ2N1cmwgLW8tIGh0dHBzOi8vcmF3LmdpdGh1YnVzZXJjb250ZW50LmNvbS9udm0tc2gvbnZtL3YwLjM5LjcvaW5zdGFsbC5zaCB8IGJhc2gnDQogICAgDQojIDQuIE5vZGUuanMg7ISk7LmYDQplY2hvICI9PT0gSW5zdGFsbGluZyBOb2RlLmpzID09PSINCnN1ZG8gLXUgZWMyLXVzZXIgYmFzaCAtYyAnc291cmNlICRIT01FLy5udm0vbnZtLnNoICYmIG52bSBpbnN0YWxsIDI0LjEyLjAnDQogICAgDQojIDUuIFBNMiDsoITsl60g7ISk7LmYDQplY2hvICI9PT0gSW5zdGFsbGluZyBQTTIgPT09Ig0Kc3VkbyAtdSBlYzItdXNlciBiYXNoIC1jICdzb3VyY2UgJEhPTUUvLm52bS9udm0uc2ggJiYgbnBtIGluc3RhbGwgLWcgcG0yJw0KICAgIA0KIyA2LiDshozsiqTsvZTrk5wg67O17KCcDQplY2hvICI9PT0gQ2xvbmluZyBSZXBvc2l0b3J5ID09PSINCnN1ZG8gLXUgZWMyLXVzZXIgYmFzaCAtYyAnY2QgJEhPTUUgJiYgcm0gLXJmIG1lZ2F0aWNrZXQgJiYgZ2l0IGNsb25lIGh0dHBzOi8vZ2l0aHViLmNvbS9zZW9saHllYm9tL21lZ2F0aWNrZXQuZ2l0Jw0KICAgIA0KIyA3LiDsnZjsobTshLEg7ISk7LmYDQplY2hvICI9PT0gSW5zdGFsbGluZyBEZXBlbmRlbmNpZXMgPT09Ig0Kc3VkbyAtdSBlYzItdXNlciBiYXNoIC1jICdzb3VyY2UgJEhPTUUvLm52bS9udm0uc2ggJiYgY2QgJEhPTUUvbWVnYXRpY2tldCAmJiBucG0gaW5zdGFsbCcNCiAgICANCiMgOC4g7ZmY6rK967OA7IiYIOyEpOyglSAoLmJhc2hyY+yXkCDstpTqsIApDQplY2hvICI9PT0gU2V0dGluZyBFbnZpcm9ubWVudCBWYXJpYWJsZXMgPT09Ig0Kc3VkbyAtdSBlYzItdXNlciBiYXNoIC1jICJlY2hvICdleHBvcnQgQVdTX1JFR0lPTj1hcC1ub3J0aGVhc3QtMicgPj4gJEhPTUUvLmJhc2hyYyINCiAgICANCiMgOS4gQXBwIOu5jOuTnA0KZWNobyAiPT09IEJ1aWxkaW5nIEFwcCA9PT0iDQpzdWRvIC11IGVjMi11c2VyIGJhc2ggLWMgJ3NvdXJjZSAkSE9NRS8ubnZtL252bS5zaCAmJiBjZCAkSE9NRS9tZWdhdGlja2V0ICYmIG5wbSBydW4gYnVpbGQ6YXBwJw0KICAgIA0KIyAxMC4gUE0y66GcIEFwcCDshJzruYTsiqQg7Iuc7J6RDQplY2hvICI9PT0gU3RhcnRpbmcgQXBwIFNlcnZpY2Ugd2l0aCBQTTIgPT09Ig0Kc3VkbyAtdSBlYzItdXNlciBiYXNoIC1jICdzb3VyY2UgJEhPTUUvLm52bS9udm0uc2ggJiYgY2QgJEhPTUUvbWVnYXRpY2tldC9hcHBzL2FwcCAmJiBwbTIgc3RhcnQgbnBtIC0tbmFtZSAiYXBwLWJhY2tlbmQiIC0tIHN0YXJ0Jw0KICAgIA0KIyAxMS4gUE0yIOyggOyepSDrsI8gc3RhcnR1cCDshKTsoJUNCmVjaG8gIj09PSBTZXR0aW5nIHVwIFBNMiBTdGFydHVwID09PSINCnN1ZG8gLXUgZWMyLXVzZXIgYmFzaCAtYyAnc291cmNlICRIT01FLy5udm0vbnZtLnNoICYmIHBtMiBzYXZlJw0KICAgIA0KIyBQTTIgc3RhcnR1cCDsiqTtgazrpr3tirgg7IOd7ISxIOuwjyDsi6TtlokNCnN1ZG8gLXUgZWMyLXVzZXIgYmFzaCAtYyAnc291cmNlICRIT01FLy5udm0vbnZtLnNoICYmIHBtMiBzdGFydHVwIHN5c3RlbWQgLXUgZWMyLXVzZXIgLS1ocCAvaG9tZS9lYzItdXNlcicgfCB0YWlsIC0xIHwgYmFzaA0KICAgIA0KZWNobyAiPT09IFVzZXIgRGF0YSBTY3JpcHQgQ29tcGxldGVkOiAkKGRhdGUpID09PSINCg==",
            "vpc_security_group_ids": [
              "sg-08b1dc1a832027e61"
            ]
          },
          "sensitive_attributes": [],
          "identity_schema_version": 0,
          "private": "bnVsbA==",
          "dependencies": [
            "aws_iam_instance_profile.ec2_profile",
            "aws_iam_role.ec2_role",
            "aws_security_group.alb",
            "aws_security_group.app",
            "aws_security_group.web",
            "aws_vpc.main"
          ],
          "create_before_destroy": true
        }
      ]
    },
    {
      "mode": "managed",
      "type": "aws_lb_target_group",
      "name": "app",
      "provider": "provider[\"registry.terraform.io/hashicorp/aws\"]",
      "instances": [
        {
          "schema_version": 0,
          "attributes": {
            "arn": "arn:aws:elasticloadbalancing:ap-northeast-2:626614672806:targetgroup/MegaTicket-App-TG/01777d89059c8624",
            "arn_suffix": "targetgroup/MegaTicket-App-TG/01777d89059c8624",
            "connection_termination": null,
            "deregistration_delay": "300",
            "health_check": [
              {
                "enabled": true,
                "healthy_threshold": 2,
                "interval": 30,
                "matcher": "200",
                "path": "/api/health",
                "port": "traffic-port",
                "protocol": "HTTP",
                "timeout": 5,
                "unhealthy_threshold": 5
              }
            ],
            "id": "arn:aws:elasticloadbalancing:ap-northeast-2:626614672806:targetgroup/MegaTicket-App-TG/01777d89059c8624",
            "ip_address_type": "ipv4",
            "lambda_multi_value_headers_enabled": false,
            "load_balancer_arns": [],
            "load_balancing_algorithm_type": "round_robin",
            "load_balancing_anomaly_mitigation": "off",
            "load_balancing_cross_zone_enabled": "use_load_balancer_configuration",
            "name": "MegaTicket-App-TG",
            "name_prefix": "",
            "port": 3001,
            "preserve_client_ip": null,
            "protocol": "HTTP",
            "protocol_version": "HTTP1",
            "proxy_protocol_v2": false,
            "slow_start": 0,
            "stickiness": [
              {
                "cookie_duration": 86400,
                "cookie_name": "",
                "enabled": false,
                "type": "lb_cookie"
              }
            ],
            "tags": {
              "Name": "MegaTicket-App-TG"
            },
            "tags_all": {
              "Environment": "test",
              "ManagedBy": "Terraform",
              "Name": "MegaTicket-App-TG",
              "Project": "MegaTicket"
            },
            "target_failover": [
              {
                "on_deregistration": null,
                "on_unhealthy": null
              }
            ],
            "target_group_health": [
              {
                "dns_failover": [
                  {
                    "minimum_healthy_targets_count": "1",
                    "minimum_healthy_targets_percentage": "off"
                  }
                ],
                "unhealthy_state_routing": [
                  {
                    "minimum_healthy_targets_count": 1,
                    "minimum_healthy_targets_percentage": "off"
                  }
                ]
              }
            ],
            "target_health_state": [
              {
                "enable_unhealthy_connection_termination": null,
                "unhealthy_draining_interval": null
              }
            ],
            "target_type": "instance",
            "vpc_id": "vpc-0145fa8049e248111"
          },
          "sensitive_attributes": [],
          "identity_schema_version": 0,
          "private": "bnVsbA==",
          "dependencies": [
            "aws_vpc.main"
          ],
          "create_before_destroy": true
        }
      ]
    },
    {
      "mode": "managed",
      "type": "aws_lb_target_group",
      "name": "app_nlb",
      "provider": "provider[\"registry.terraform.io/hashicorp/aws\"]",
      "instances": [
        {
          "schema_version": 0,
          "attributes": {
            "arn": "arn:aws:elasticloadbalancing:ap-northeast-2:626614672806:targetgroup/MegaTicket-App-NLB-TG/adae29460af1ea27",
            "arn_suffix": "targetgroup/MegaTicket-App-NLB-TG/adae29460af1ea27",
            "connection_termination": false,
            "deregistration_delay": "300",
            "health_check": [
              {
                "enabled": true,
                "healthy_threshold": 3,
                "interval": 30,
                "matcher": "",
                "path": "",
                "port": "traffic-port",
                "protocol": "TCP",
                "timeout": 10,
                "unhealthy_threshold": 3
              }
            ],
            "id": "arn:aws:elasticloadbalancing:ap-northeast-2:626614672806:targetgroup/MegaTicket-App-NLB-TG/adae29460af1ea27",
            "ip_address_type": "ipv4",
            "lambda_multi_value_headers_enabled": false,
            "load_balancer_arns": [],
            "load_balancing_algorithm_type": null,
            "load_balancing_anomaly_mitigation": null,
            "load_balancing_cross_zone_enabled": "use_load_balancer_configuration",
            "name": "MegaTicket-App-NLB-TG",
            "name_prefix": "",
            "port": 3001,
            "preserve_client_ip": "true",
            "protocol": "TCP",
            "protocol_version": null,
            "proxy_protocol_v2": false,
            "slow_start": 0,
            "stickiness": [
              {
                "cookie_duration": 0,
                "cookie_name": "",
                "enabled": false,
                "type": "source_ip"
              }
            ],
            "tags": {
              "Name": "MegaTicket-App-NLB-TG"
            },
            "tags_all": {
              "Environment": "test",
              "ManagedBy": "Terraform",
              "Name": "MegaTicket-App-NLB-TG",
              "Project": "MegaTicket"
            },
            "target_failover": [
              {
                "on_deregistration": null,
                "on_unhealthy": null
              }
            ],
            "target_group_health": [
              {
                "dns_failover": [
                  {
                    "minimum_healthy_targets_count": "1",
                    "minimum_healthy_targets_percentage": "off"
                  }
                ],
                "unhealthy_state_routing": [
                  {
                    "minimum_healthy_targets_count": 1,
                    "minimum_healthy_targets_percentage": "off"
                  }
                ]
              }
            ],
            "target_health_state": [
              {
                "enable_unhealthy_connection_termination": true,
                "unhealthy_draining_interval": 0
              }
            ],
            "target_type": "instance",
            "vpc_id": "vpc-0145fa8049e248111"
          },
          "sensitive_attributes": [],
          "identity_schema_version": 0,
          "private": "bnVsbA==",
          "dependencies": [
            "aws_vpc.main"
          ],
          "create_before_destroy": true
        }
      ]
    },
    {
      "mode": "managed",
      "type": "aws_security_group",
      "name": "alb",
      "provider": "provider[\"registry.terraform.io/hashicorp/aws\"]",
      "instances": [
        {
          "schema_version": 1,
          "attributes": {
            "arn": "arn:aws:ec2:ap-northeast-2:626614672806:security-group/sg-096023d2ec750b1aa",
            "description": "Security group for Application Load Balancer",
            "egress": [
              {
                "cidr_blocks": [
                  "0.0.0.0/0"
                ],
                "description": "",
                "from_port": 0,
                "ipv6_cidr_blocks": [],
                "prefix_list_ids": [],
                "protocol": "-1",
                "security_groups": [],
                "self": false,
                "to_port": 0
              }
            ],
            "id": "sg-096023d2ec750b1aa",
            "ingress": [
              {
                "cidr_blocks": [
                  "0.0.0.0/0"
                ],
                "description": "HTTP",
                "from_port": 80,
                "ipv6_cidr_blocks": [],
                "prefix_list_ids": [],
                "protocol": "tcp",
                "security_groups": [],
                "self": false,
                "to_port": 80
              },
              {
                "cidr_blocks": [
                  "0.0.0.0/0"
                ],
                "description": "HTTPS",
                "from_port": 443,
                "ipv6_cidr_blocks": [],
                "prefix_list_ids": [],
                "protocol": "tcp",
                "security_groups": [],
                "self": false,
                "to_port": 443
              }
            ],
            "name": "MegaTicket-ALB-SG",
            "name_prefix": "",
            "owner_id": "626614672806",
            "revoke_rules_on_delete": false,
            "tags": {
              "Name": "MegaTicket-ALB-SG"
            },
            "tags_all": {
              "Environment": "test",
              "ManagedBy": "Terraform",
              "Name": "MegaTicket-ALB-SG",
              "Project": "MegaTicket"
            },
            "timeouts": null,
            "vpc_id": "vpc-0145fa8049e248111"
          },
          "sensitive_attributes": [],
          "identity_schema_version": 0,
          "private": "eyJlMmJmYjczMC1lY2FhLTExZTYtOGY4OC0zNDM2M2JjN2M0YzAiOnsiY3JlYXRlIjo2MDAwMDAwMDAwMDAsImRlbGV0ZSI6OTAwMDAwMDAwMDAwfSwic2NoZW1hX3ZlcnNpb24iOiIxIn0=",
          "dependencies": [
            "aws_vpc.main"
          ],
          "create_before_destroy": true
        }
      ]
    },
    {
      "mode": "managed",
      "type": "aws_security_group",
      "name": "app",
      "provider": "provider[\"registry.terraform.io/hashicorp/aws\"]",
      "instances": [
        {
          "schema_version": 1,
          "attributes": {
            "arn": "arn:aws:ec2:ap-northeast-2:626614672806:security-group/sg-08b1dc1a832027e61",
            "description": "Security group for App instances",
            "egress": [
              {
                "cidr_blocks": [
                  "0.0.0.0/0"
                ],
                "description": "",
                "from_port": 0,
                "ipv6_cidr_blocks": [],
                "prefix_list_ids": [],
                "protocol": "-1",
                "security_groups": [],
                "self": false,
                "to_port": 0
              }
            ],
            "id": "sg-08b1dc1a832027e61",
            "ingress": [
              {
                "cidr_blocks": [
                  "10.0.0.0/16"
                ],
                "description": "API Port from NLB (VPC CIDR)",
                "from_port": 3001,
                "ipv6_cidr_blocks": [],
                "prefix_list_ids": [],
                "protocol": "tcp",
                "security_groups": [],
                "self": false,
                "to_port": 3001
              },
              {
                "cidr_blocks": [],
                "description": "API Port from ALB",
                "from_port": 3001,
                "ipv6_cidr_blocks": [],
                "prefix_list_ids": [],
                "protocol": "tcp",
                "security_groups": [
                  "sg-096023d2ec750b1aa"
                ],
                "self": false,
                "to_port": 3001
              },
              {
                "cidr_blocks": [],
                "description": "API Port from Web instances",
                "from_port": 3001,
                "ipv6_cidr_blocks": [],
                "prefix_list_ids": [],
                "protocol": "tcp",
                "security_groups": [
                  "sg-0743bc15009be3c8f"
                ],
                "self": false,
                "to_port": 3001
              }
            ],
            "name": "MegaTicket-App-SG",
            "name_prefix": "",
            "owner_id": "626614672806",
            "revoke_rules_on_delete": false,
            "tags": {
              "Name": "MegaTicket-App-SG"
            },
            "tags_all": {
              "Environment": "test",
              "ManagedBy": "Terraform",
              "Name": "MegaTicket-App-SG",
              "Project": "MegaTicket"
            },
            "timeouts": null,
            "vpc_id": "vpc-0145fa8049e248111"
          },
          "sensitive_attributes": [],
          "identity_schema_version": 0,
          "private": "eyJlMmJmYjczMC1lY2FhLTExZTYtOGY4OC0zNDM2M2JjN2M0YzAiOnsiY3JlYXRlIjo2MDAwMDAwMDAwMDAsImRlbGV0ZSI6OTAwMDAwMDAwMDAwfSwic2NoZW1hX3ZlcnNpb24iOiIxIn0=",
          "dependencies": [
            "aws_security_group.alb",
            "aws_security_group.web",
            "aws_vpc.main"
          ],
          "create_before_destroy": true
        }
      ]
    },
    {
      "mode": "managed",
      "type": "aws_security_group",
      "name": "web",
      "provider": "provider[\"registry.terraform.io/hashicorp/aws\"]",
      "instances": [
        {
          "schema_version": 1,
          "attributes": {
            "arn": "arn:aws:ec2:ap-northeast-2:626614672806:security-group/sg-0743bc15009be3c8f",
            "description": "Security group for Web instances",
            "egress": [
              {
                "cidr_blocks": [
                  "0.0.0.0/0"
                ],
                "description": "",
                "from_port": 0,
                "ipv6_cidr_blocks": [],
                "prefix_list_ids": [],
                "protocol": "-1",
                "security_groups": [],
                "self": false,
                "to_port": 0
              }
            ],
            "id": "sg-0743bc15009be3c8f",
            "ingress": [
              {
                "cidr_blocks": [],
                "description": "Web Port from ALB",
                "from_port": 3000,
                "ipv6_cidr_blocks": [],
                "prefix_list_ids": [],
                "protocol": "tcp",
                "security_groups": [
                  "sg-096023d2ec750b1aa"
                ],
                "self": false,
                "to_port": 3000
              }
            ],
            "name": "MegaTicket-Web-SG",
            "name_prefix": "",
            "owner_id": "626614672806",
            "revoke_rules_on_delete": false,
            "tags": {
              "Name": "MegaTicket-Web-SG"
            },
            "tags_all": {
              "Environment": "test",
              "ManagedBy": "Terraform",
              "Name": "MegaTicket-Web-SG",
              "Project": "MegaTicket"
            },
            "timeouts": null,
            "vpc_id": "vpc-0145fa8049e248111"
          },
          "sensitive_attributes": [],
          "identity_schema_version": 0,
          "private": "eyJlMmJmYjczMC1lY2FhLTExZTYtOGY4OC0zNDM2M2JjN2M0YzAiOnsiY3JlYXRlIjo2MDAwMDAwMDAwMDAsImRlbGV0ZSI6OTAwMDAwMDAwMDAwfSwic2NoZW1hX3ZlcnNpb24iOiIxIn0=",
          "dependencies": [
            "aws_security_group.alb",
            "aws_vpc.main"
          ],
          "create_before_destroy": true
        }
      ]
    },
    {
      "mode": "managed",
      "type": "aws_subnet",
      "name": "private_a",
      "provider": "provider[\"registry.terraform.io/hashicorp/aws\"]",
      "instances": [
        {
          "schema_version": 1,
          "attributes": {
            "arn": "arn:aws:ec2:ap-northeast-2:626614672806:subnet/subnet-0bf96784447d3cc1d",
            "assign_ipv6_address_on_creation": false,
            "availability_zone": "ap-northeast-2a",
            "availability_zone_id": "apne2-az1",
            "cidr_block": "10.0.10.0/24",
            "customer_owned_ipv4_pool": "",
            "enable_dns64": false,
            "enable_lni_at_device_index": 0,
            "enable_resource_name_dns_a_record_on_launch": false,
            "enable_resource_name_dns_aaaa_record_on_launch": false,
            "id": "subnet-0bf96784447d3cc1d",
            "ipv6_cidr_block": "",
            "ipv6_cidr_block_association_id": "",
            "ipv6_native": false,
            "map_customer_owned_ip_on_launch": false,
            "map_public_ip_on_launch": false,
            "outpost_arn": "",
            "owner_id": "626614672806",
            "private_dns_hostname_type_on_launch": "ip-name",
            "tags": {
              "Name": "MegaTicket-Private-Subnet-A",
              "Type": "Private"
            },
            "tags_all": {
              "Environment": "test",
              "ManagedBy": "Terraform",
              "Name": "MegaTicket-Private-Subnet-A",
              "Project": "MegaTicket",
              "Type": "Private"
            },
            "timeouts": null,
            "vpc_id": "vpc-0145fa8049e248111"
          },
          "sensitive_attributes": [],
          "identity_schema_version": 0,
          "private": "eyJlMmJmYjczMC1lY2FhLTExZTYtOGY4OC0zNDM2M2JjN2M0YzAiOnsiY3JlYXRlIjo2MDAwMDAwMDAwMDAsImRlbGV0ZSI6MTIwMDAwMDAwMDAwMH0sInNjaGVtYV92ZXJzaW9uIjoiMSJ9",
          "dependencies": [
            "aws_vpc.main"
          ],
          "create_before_destroy": true
        }
      ]
    },
    {
      "mode": "managed",
      "type": "aws_subnet",
      "name": "private_c",
      "provider": "provider[\"registry.terraform.io/hashicorp/aws\"]",
      "instances": [
        {
          "schema_version": 1,
          "attributes": {
            "arn": "arn:aws:ec2:ap-northeast-2:626614672806:subnet/subnet-08dd158686d6ce2fb",
            "assign_ipv6_address_on_creation": false,
            "availability_zone": "ap-northeast-2c",
            "availability_zone_id": "apne2-az3",
            "cidr_block": "10.0.11.0/24",
            "customer_owned_ipv4_pool": "",
            "enable_dns64": false,
            "enable_lni_at_device_index": 0,
            "enable_resource_name_dns_a_record_on_launch": false,
            "enable_resource_name_dns_aaaa_record_on_launch": false,
            "id": "subnet-08dd158686d6ce2fb",
            "ipv6_cidr_block": "",
            "ipv6_cidr_block_association_id": "",
            "ipv6_native": false,
            "map_customer_owned_ip_on_launch": false,
            "map_public_ip_on_launch": false,
            "outpost_arn": "",
            "owner_id": "626614672806",
            "private_dns_hostname_type_on_launch": "ip-name",
            "tags": {
              "Name": "MegaTicket-Private-Subnet-C",
              "Type": "Private"
            },
            "tags_all": {
              "Environment": "test",
              "ManagedBy": "Terraform",
              "Name": "MegaTicket-Private-Subnet-C",
              "Project": "MegaTicket",
              "Type": "Private"
            },
            "timeouts": null,
            "vpc_id": "vpc-0145fa8049e248111"
          },
          "sensitive_attributes": [],
          "identity_schema_version": 0,
          "private": "eyJlMmJmYjczMC1lY2FhLTExZTYtOGY4OC0zNDM2M2JjN2M0YzAiOnsiY3JlYXRlIjo2MDAwMDAwMDAwMDAsImRlbGV0ZSI6MTIwMDAwMDAwMDAwMH0sInNjaGVtYV92ZXJzaW9uIjoiMSJ9",
          "dependencies": [
            "aws_vpc.main"
          ],
          "create_before_destroy": true
        }
      ]
    },
    {
      "mode": "managed",
      "type": "aws_vpc",
      "name": "main",
      "provider": "provider[\"registry.terraform.io/hashicorp/aws\"]",
      "instances": [
        {
          "schema_version": 1,
          "attributes": {
            "arn": "arn:aws:ec2:ap-northeast-2:626614672806:vpc/vpc-0145fa8049e248111",
            "assign_generated_ipv6_cidr_block": false,
            "cidr_block": "10.0.0.0/16",
            "default_network_acl_id": "acl-064be9e76b7ce918f",
            "default_route_table_id": "rtb-09d02b7bf28408e57",
            "default_security_group_id": "sg-0b18d36be4c459b48",
            "dhcp_options_id": "dopt-092b09ae5a3cf24b9",
            "enable_dns_hostnames": true,
            "enable_dns_support": true,
            "enable_network_address_usage_metrics": false,
            "id": "vpc-0145fa8049e248111",
            "instance_tenancy": "default",
            "ipv4_ipam_pool_id": null,
            "ipv4_netmask_length": null,
            "ipv6_association_id": "",
            "ipv6_cidr_block": "",
            "ipv6_cidr_block_network_border_group": "",
            "ipv6_ipam_pool_id": "",
            "ipv6_netmask_length": 0,
            "main_route_table_id": "rtb-09d02b7bf28408e57",
            "owner_id": "626614672806",
            "tags": {
              "Name": "MegaTicket-VPC"
            },
            "tags_all": {
              "Environment": "test",
              "ManagedBy": "Terraform",
              "Name": "MegaTicket-VPC",
              "Project": "MegaTicket"
            }
          },
          "sensitive_attributes": [],
          "identity_schema_version": 0,
          "private": "eyJzY2hlbWFfdmVyc2lvbiI6IjEifQ==",
          "create_before_destroy": true
        }
      ]
    }
  ],
  "check_results": null
}
